
Microsoft Visual Studio Solution File, Format Version 12.00
# Visual Studio Version 17
VisualStudioVersion = 17.5.002.0
MinimumVisualStudioVersion = 10.0.40219.1
Project("{9A19103F-16F7-4668-BE54-9A1E7A4F7556}") = "Final", "Final\Final.csproj", "{18FCB40A-7670-49C5-87E3-9689C493D4CA}"
EndProject
Project("{9A19103F-16F7-4668-BE54-9A1E7A4F7556}") = "Starter", "Starter\Starter.csproj", "{0C4611A0-A3A2-4BE2-B061-BDB1100DD3CF}"
EndProject
Global
	GlobalSection(SolutionConfigurationPlatforms) = preSolution
		Debug|Any CPU = Debug|Any CPU
		Release|Any CPU = Release|Any CPU
	EndGlobalSection
	GlobalSection(ProjectConfigurationPlatforms) = postSolution
		{18FCB40A-7670-49C5-87E3-9689C493D4CA}.Debug|Any CPU.ActiveCfg = Debug|Any CPU
		{18FCB40A-7670-49C5-87E3-9689C493D4CA}.Debug|Any CPU.Build.0 = Debug|Any CPU
		{18FCB40A-7670-49C5-87E3-9689C493D4CA}.Release|Any CPU.ActiveCfg = Release|Any CPU
		{18FCB40A-7670-49C5-87E3-9689C493D4CA}.Release|Any CPU.Build.0 = Release|Any CPU
		{0C4611A0-A3A2-4BE2-B061-BDB1100DD3CF}.Debug|Any CPU.ActiveCfg = Debug|Any CPU
		{0C4611A0-A3A2-4BE2-B061-BDB1100DD3CF}.Debug|Any CPU.Build.0 = Debug|Any CPU
		{0C4611A0-A3A2-4BE2-B061-BDB1100DD3CF}.Release|Any CPU.ActiveCfg = Release|Any CPU
		{0C4611A0-A3A2-4BE2-B061-BDB1100DD3CF}.Release|Any CPU.Build.0 = Release|Any CPU
	EndGlobalSection
	GlobalSection(SolutionProperties) = preSolution
		HideSolutionNode = FALSE
	EndGlobalSection
	GlobalSection(ExtensibilityGlobals) = postSolution
		SolutionGuid = {758D1BF3-8265-4591-A7F1-4E90199B6D8E}
	EndGlobalSection
EndGlobal
